
Microsoft Visual Studio Solution File, Format Version 12.00
# Visual Studio Version 16
VisualStudioVersion = 16.0.29911.84
MinimumVisualStudioVersion = 10.0.40219.1
Project("{FAE04EC0-301F-11D3-BF4B-00C04F79EFBC}") = "API-Lansweeper", "API-Lansweeper\API-Lansweeper.csproj", "{F7DE572C-8773-4B98-A59B-07042A6BA6B3}"
EndProject
Global
	GlobalSection(SolutionConfigurationPlatforms) = preSolution
		Debug|Any CPU = Debug|Any CPU
		Release|Any CPU = Release|Any CPU
	EndGlobalSection
	GlobalSection(ProjectConfigurationPlatforms) = postSolution
		{F7DE572C-8773-4B98-A59B-07042A6BA6B3}.Debug|Any CPU.ActiveCfg = Debug|Any CPU
		{F7DE572C-8773-4B98-A59B-07042A6BA6B3}.Debug|Any CPU.Build.0 = Debug|Any CPU
		{F7DE572C-8773-4B98-A59B-07042A6BA6B3}.Release|Any CPU.ActiveCfg = Release|Any CPU
		{F7DE572C-8773-4B98-A59B-07042A6BA6B3}.Release|Any CPU.Build.0 = Release|Any CPU
	EndGlobalSection
	GlobalSection(SolutionProperties) = preSolution
		HideSolutionNode = FALSE
	EndGlobalSection
	GlobalSection(ExtensibilityGlobals) = postSolution
		SolutionGuid = {59E82DA4-36D3-421F-83C1-712DABB23FAC}
	EndGlobalSection
EndGlobal
